
Microsoft Visual Studio Solution File, Format Version 12.00
# Visual Studio 15
VisualStudioVersion = 15.0.28010.2048
MinimumVisualStudioVersion = 10.0.40219.1
Project("{FAE04EC0-301F-11D3-BF4B-00C04F79EFBC}") = "App1.iOS", "App1\App1.iOS\App1.iOS.csproj", "{41519D15-FCAA-44FF-B0E9-37E902592C03}"
EndProject
Project("{FAE04EC0-301F-11D3-BF4B-00C04F79EFBC}") = "App1", "App1\App1\App1.csproj", "{A3396919-ACEE-4A02-AE55-B3A6900EE20E}"
EndProject
Global
	GlobalSection(SolutionConfigurationPlatforms) = preSolution
		Debug|Any CPU = Debug|Any CPU
		Debug|iPhone = Debug|iPhone
		Debug|iPhoneSimulator = Debug|iPhoneSimulator
		Release|Any CPU = Release|Any CPU
		Release|iPhone = Release|iPhone
		Release|iPhoneSimulator = Release|iPhoneSimulator
	EndGlobalSection
	GlobalSection(ProjectConfigurationPlatforms) = postSolution
		{41519D15-FCAA-44FF-B0E9-37E902592C03}.Debug|Any CPU.ActiveCfg = Debug|iPhone
		{41519D15-FCAA-44FF-B0E9-37E902592C03}.Debug|Any CPU.Build.0 = Debug|iPhone
		{41519D15-FCAA-44FF-B0E9-37E902592C03}.Debug|Any CPU.Deploy.0 = Debug|iPhone
		{41519D15-FCAA-44FF-B0E9-37E902592C03}.Debug|iPhone.ActiveCfg = Debug|iPhone
		{41519D15-FCAA-44FF-B0E9-37E902592C03}.Debug|iPhone.Build.0 = Debug|iPhone
		{41519D15-FCAA-44FF-B0E9-37E902592C03}.Debug|iPhone.Deploy.0 = Debug|iPhone
		{41519D15-FCAA-44FF-B0E9-37E902592C03}.Debug|iPhoneSimulator.ActiveCfg = Debug|iPhoneSimulator
		{41519D15-FCAA-44FF-B0E9-37E902592C03}.Debug|iPhoneSimulator.Build.0 = Debug|iPhoneSimulator
		{41519D15-FCAA-44FF-B0E9-37E902592C03}.Debug|iPhoneSimulator.Deploy.0 = Debug|iPhoneSimulator
		{41519D15-FCAA-44FF-B0E9-37E902592C03}.Release|Any CPU.ActiveCfg = Release|iPhone
		{41519D15-FCAA-44FF-B0E9-37E902592C03}.Release|Any CPU.Build.0 = Release|iPhone
		{41519D15-FCAA-44FF-B0E9-37E902592C03}.Release|Any CPU.Deploy.0 = Release|iPhone
		{41519D15-FCAA-44FF-B0E9-37E902592C03}.Release|iPhone.ActiveCfg = Release|iPhone
		{41519D15-FCAA-44FF-B0E9-37E902592C03}.Release|iPhone.Build.0 = Release|iPhone
		{41519D15-FCAA-44FF-B0E9-37E902592C03}.Release|iPhone.Deploy.0 = Release|iPhone
		{41519D15-FCAA-44FF-B0E9-37E902592C03}.Release|iPhoneSimulator.ActiveCfg = Release|iPhoneSimulator
		{41519D15-FCAA-44FF-B0E9-37E902592C03}.Release|iPhoneSimulator.Build.0 = Release|iPhoneSimulator
		{41519D15-FCAA-44FF-B0E9-37E902592C03}.Release|iPhoneSimulator.Deploy.0 = Release|iPhoneSimulator
		{A3396919-ACEE-4A02-AE55-B3A6900EE20E}.Debug|Any CPU.ActiveCfg = Debug|Any CPU
		{A3396919-ACEE-4A02-AE55-B3A6900EE20E}.Debug|Any CPU.Build.0 = Debug|Any CPU
		{A3396919-ACEE-4A02-AE55-B3A6900EE20E}.Debug|Any CPU.Deploy.0 = Debug|Any CPU
		{A3396919-ACEE-4A02-AE55-B3A6900EE20E}.Debug|iPhone.ActiveCfg = Debug|Any CPU
		{A3396919-ACEE-4A02-AE55-B3A6900EE20E}.Debug|iPhone.Build.0 = Debug|Any CPU
		{A3396919-ACEE-4A02-AE55-B3A6900EE20E}.Debug|iPhone.Deploy.0 = Debug|Any CPU
		{A3396919-ACEE-4A02-AE55-B3A6900EE20E}.Debug|iPhoneSimulator.ActiveCfg = Debug|Any CPU
		{A3396919-ACEE-4A02-AE55-B3A6900EE20E}.Debug|iPhoneSimulator.Build.0 = Debug|Any CPU
		{A3396919-ACEE-4A02-AE55-B3A6900EE20E}.Debug|iPhoneSimulator.Deploy.0 = Debug|Any CPU
		{A3396919-ACEE-4A02-AE55-B3A6900EE20E}.Release|Any CPU.ActiveCfg = Release|Any CPU
		{A3396919-ACEE-4A02-AE55-B3A6900EE20E}.Release|Any CPU.Build.0 = Release|Any CPU
		{A3396919-ACEE-4A02-AE55-B3A6900EE20E}.Release|Any CPU.Deploy.0 = Release|Any CPU
		{A3396919-ACEE-4A02-AE55-B3A6900EE20E}.Release|iPhone.ActiveCfg = Release|Any CPU
		{A3396919-ACEE-4A02-AE55-B3A6900EE20E}.Release|iPhone.Build.0 = Release|Any CPU
		{A3396919-ACEE-4A02-AE55-B3A6900EE20E}.Release|iPhone.Deploy.0 = Release|Any CPU
		{A3396919-ACEE-4A02-AE55-B3A6900EE20E}.Release|iPhoneSimulator.ActiveCfg = Release|Any CPU
		{A3396919-ACEE-4A02-AE55-B3A6900EE20E}.Release|iPhoneSimulator.Build.0 = Release|Any CPU
		{A3396919-ACEE-4A02-AE55-B3A6900EE20E}.Release|iPhoneSimulator.Deploy.0 = Release|Any CPU
	EndGlobalSection
	GlobalSection(SolutionProperties) = preSolution
		HideSolutionNode = FALSE
	EndGlobalSection
	GlobalSection(ExtensibilityGlobals) = postSolution
		SolutionGuid = {67DCDEA0-B086-49B0-8502-1A538E4C47F7}
	EndGlobalSection
EndGlobal
